
Microsoft Visual Studio Solution File, Format Version 12.00
# Visual Studio Version 17
VisualStudioVersion = 17.10.34928.147
MinimumVisualStudioVersion = 10.0.40219.1
Project("{FAE04EC0-301F-11D3-BF4B-00C04F79EFBC}") = "prj_tes_p1", "prj_tes_p1\prj_tes_p1.csproj", "{1A09726A-25B0-442B-B192-28B5C4A66B16}"
EndProject
Global
	GlobalSection(SolutionConfigurationPlatforms) = preSolution
		Debug|Any CPU = Debug|Any CPU
		Release|Any CPU = Release|Any CPU
	EndGlobalSection
	GlobalSection(ProjectConfigurationPlatforms) = postSolution
		{1A09726A-25B0-442B-B192-28B5C4A66B16}.Debug|Any CPU.ActiveCfg = Debug|Any CPU
		{1A09726A-25B0-442B-B192-28B5C4A66B16}.Debug|Any CPU.Build.0 = Debug|Any CPU
		{1A09726A-25B0-442B-B192-28B5C4A66B16}.Release|Any CPU.ActiveCfg = Release|Any CPU
		{1A09726A-25B0-442B-B192-28B5C4A66B16}.Release|Any CPU.Build.0 = Release|Any CPU
	EndGlobalSection
	GlobalSection(SolutionProperties) = preSolution
		HideSolutionNode = FALSE
	EndGlobalSection
	GlobalSection(ExtensibilityGlobals) = postSolution
		SolutionGuid = {11E90141-72FC-4589-B701-1819BED25417}
	EndGlobalSection
EndGlobal
